<?xml version="1.0" encoding="utf-8"?>
<Project ToolsVersion="4.0" xmlns="http://schemas.microsoft.com/developer/msbuild/2003">
  <ItemGroup>
    <Filter Include="Siv3Ddependency">
      <UniqueIdentifier>{9158b05e-2547-43c6-9537-1edb2ef46991}</UniqueIdentifier>
    </Filter>
    <Filter Include="Siv3Ddependency\Example">
      <UniqueIdentifier>{d76b024f-de61-487e-b948-d4fa2f4eb0e7}</UniqueIdentifier>
    </Filter>
    <Filter Include="Siv3Ddependency\Example\Shaders">
      <UniqueIdentifier>{d9d4390f-eba9-4e4a-af0c-9f77e488a627}</UniqueIdentifier>
    </Filter>
    <Filter Include="Siv3Ddependency\Example\Well">
      <UniqueIdentifier>{eb86b9be-05b8-45c6-89c8-f91a5437157c}</UniqueIdentifier>
    </Filter>
    <Filter Include="Siv3Ddependency\Engine">
      <UniqueIdentifier>{a9da79f3-ee70-4be1-9c59-4659cb4d6c0e}</UniqueIdentifier>
    </Filter>
    <Filter Include="Siv3Ddependency\Engine\Assets">
      <UniqueIdentifier>{40092e96-bcd3-44dc-a03f-9502f704b5f6}</UniqueIdentifier>
    </Filter>
    <Filter Include="Siv3Ddependency\Engine\dll%28x64%29">
      <UniqueIdentifier>{0402f8f1-bef2-4ea4-8526-b36d0ba8994c}</UniqueIdentifier>
    </Filter>
    <Filter Include="Siv3Ddependency\Engine\dll%28x64%29\D3D">
      <UniqueIdentifier>{8c2b2b39-0ff8-47ae-be49-554f864b9a45}</UniqueIdentifier>
    </Filter>
    <Filter Include="Siv3Ddependency\Engine\dll%28x64%29\libmpg123">
      <UniqueIdentifier>{baa23779-612f-4557-952f-dab77e12cef7}</UniqueIdentifier>
    </Filter>
    <Filter Include="Siv3Ddependency\Engine\dll%28x64%29\libqrencode">
      <UniqueIdentifier>{25a48357-9478-4906-8a2e-aff0342bd589}</UniqueIdentifier>
    </Filter>
    <Filter Include="Siv3Ddependency\Engine\dll%28x64%29\SoundTouch">
      <UniqueIdentifier>{1e14859b-7c88-442c-8fb5-447f5e47ed1b}</UniqueIdentifier>
    </Filter>
    <Filter Include="Siv3Ddependency\Engine\dll%28x64%29\TobiiEyeX">
      <UniqueIdentifier>{3bf6242b-41c3-42f1-bb21-a13212172e84}</UniqueIdentifier>
    </Filter>
    <Filter Include="Siv3Ddependency\Engine\dll%28x86%29">
      <UniqueIdentifier>{e017353b-da05-4e39-b0fa-fd00568ee05a}</UniqueIdentifier>
    </Filter>
    <Filter Include="Siv3Ddependency\Engine\dll%28x86%29\D3D">
      <UniqueIdentifier>{93a2c294-22ea-4e4d-99b4-5b555cb14e1e}</UniqueIdentifier>
    </Filter>
    <Filter Include="Siv3Ddependency\Engine\dll%28x86%29\libmpg123">
      <UniqueIdentifier>{7e1a60da-aa4b-4ca3-8a5b-3c5549bd924a}</UniqueIdentifier>
    </Filter>
    <Filter Include="Siv3Ddependency\Engine\dll%28x86%29\libqrencode">
      <UniqueIdentifier>{25f918a7-bf93-4429-be3f-9f6f45e8a48f}</UniqueIdentifier>
    </Filter>
    <Filter Include="Siv3Ddependency\Engine\dll%28x86%29\SoundTouch">
      <UniqueIdentifier>{5d9c381e-3dce-477f-b9a5-adcdea0db0b9}</UniqueIdentifier>
    </Filter>
    <Filter Include="Siv3Ddependency\Engine\dll%28x86%29\TobiiEyeX">
      <UniqueIdentifier>{a079701e-3fb0-45fa-b67d-4de7e67d8a5c}</UniqueIdentifier>
    </Filter>
    <Filter Include="Siv3Ddependency\Engine\Fonts">
      <UniqueIdentifier>{b7248305-1fad-4272-85e2-31e8f0385db5}</UniqueIdentifier>
    </Filter>
    <Filter Include="Siv3Ddependency\Engine\Objdetect">
      <UniqueIdentifier>{55e3c61e-0877-4eb1-9a45-23a89be7f1be}</UniqueIdentifier>
    </Filter>
    <Filter Include="Siv3Ddependency\Engine\Shaders">
      <UniqueIdentifier>{df01af07-3c94-4939-984d-c9ceaa830afa}</UniqueIdentifier>
    </Filter>
    <Filter Include="Siv3Ddependency\Engine\Shaders\D3D11">
      <UniqueIdentifier>{14adad2a-5bc2-4f5f-8d4e-3f77ca5bba52}</UniqueIdentifier>
    </Filter>
    <Filter Include="Game">
      <UniqueIdentifier>{2ade903f-deec-4e5b-b25e-0a1384638a7b}</UniqueIdentifier>
    </Filter>
    <Filter Include="Game\Scene">
      <UniqueIdentifier>{7e6eaec1-a5a0-4070-8027-84235b76cc07}</UniqueIdentifier>
    </Filter>
    <Filter Include="Game\Object">
      <UniqueIdentifier>{82ae12f0-2578-4e72-b2e0-22c4a74de812}</UniqueIdentifier>
    </Filter>
    <Filter Include="Game\Util">
      <UniqueIdentifier>{412c72ce-d1f5-4fee-bf26-4bc14562c4dc}</UniqueIdentifier>
    </Filter>
  </ItemGroup>
  <ItemGroup>
    <Image Include="Engine\Splash.png">
      <Filter>Siv3Ddependency\Engine</Filter>
    </Image>
    <Image Include="Example\Earth.jpg">
      <Filter>Siv3Ddependency\Example</Filter>
    </Image>
    <Image Include="Example\Grass.jpg">
      <Filter>Siv3Ddependency\Example</Filter>
    </Image>
    <Image Include="Example\Ground.jpg">
      <Filter>Siv3Ddependency\Example</Filter>
    </Image>
    <Image Include="Example\Particle.png">
      <Filter>Siv3Ddependency\Example</Filter>
    </Image>
    <Image Include="Example\Siv3D-kun.png">
      <Filter>Siv3Ddependency\Example</Filter>
    </Image>
    <Image Include="Example\Windmill.png">
      <Filter>Siv3Ddependency\Example</Filter>
    </Image>
    <Image Include="Example\Brick.jpg">
      <Filter>Siv3Ddependency\Example</Filter>
    </Image>
    <Image Include="Example\Well\Well.jpg">
      <Filter>Siv3Ddependency\Example\Well</Filter>
    </Image>
    <Image Include="Icon.ico">
      <Filter>Siv3Ddependency</Filter>
    </Image>
  </ItemGroup>
  <ItemGroup>
    <None Include="Engine\Assets\engine_textures.s3a">
      <Filter>Siv3Ddependency\Engine\Assets</Filter>
    </None>
    <None Include="Engine\dll(x64)\D3D\d3dcompiler_47.dll">
      <Filter>Siv3Ddependency\Engine\dll%28x64%29\D3D</Filter>
    </None>
    <None Include="Engine\dll(x64)\libmpg123\libmpg123-0.dll">
      <Filter>Siv3Ddependency\Engine\dll%28x64%29\libmpg123</Filter>
    </None>
    <None Include="Engine\dll(x64)\libqrencode\COPYING">
      <Filter>Siv3Ddependency\Engine\dll%28x64%29\libqrencode</Filter>
    </None>
    <None Include="Engine\dll(x64)\libqrencode\libqrencode.dll">
      <Filter>Siv3Ddependency\Engine\dll%28x64%29\libqrencode</Filter>
    </None>
    <None Include="Engine\dll(x64)\libqrencode\README">
      <Filter>Siv3Ddependency\Engine\dll%28x64%29\libqrencode</Filter>
    </None>
    <None Include="Engine\dll(x64)\SoundTouch\SoundTouch.dll">
      <Filter>Siv3Ddependency\Engine\dll%28x64%29\SoundTouch</Filter>
    </None>
    <None Include="Engine\dll(x64)\TobiiEyeX\Tobii.EyeX.Client.dll">
      <Filter>Siv3Ddependency\Engine\dll%28x64%29\TobiiEyeX</Filter>
    </None>
    <None Include="Engine\dll(x86)\D3D\d3dcompiler_47.dll">
      <Filter>Siv3Ddependency\Engine\dll%28x86%29\D3D</Filter>
    </None>
    <None Include="Engine\dll(x86)\libmpg123\libmpg123-0.dll">
      <Filter>Siv3Ddependency\Engine\dll%28x86%29\libmpg123</Filter>
    </None>
    <None Include="Engine\dll(x86)\libqrencode\COPYING">
      <Filter>Siv3Ddependency\Engine\dll%28x86%29\libqrencode</Filter>
    </None>
    <None Include="Engine\dll(x86)\libqrencode\libqrencode.dll">
      <Filter>Siv3Ddependency\Engine\dll%28x86%29\libqrencode</Filter>
    </None>
    <None Include="Engine\dll(x86)\libqrencode\README">
      <Filter>Siv3Ddependency\Engine\dll%28x86%29\libqrencode</Filter>
    </None>
    <None Include="Engine\dll(x86)\SoundTouch\SoundTouch.dll">
      <Filter>Siv3Ddependency\Engine\dll%28x86%29\SoundTouch</Filter>
    </None>
    <None Include="Engine\dll(x86)\TobiiEyeX\Tobii.EyeX.Client.dll">
      <Filter>Siv3Ddependency\Engine\dll%28x86%29\TobiiEyeX</Filter>
    </None>
    <None Include="Engine\Fonts\mplus-1p-bold.zip">
      <Filter>Siv3Ddependency\Engine\Fonts</Filter>
    </None>
    <None Include="Engine\Fonts\mplus-1p-heavy.zip">
      <Filter>Siv3Ddependency\Engine\Fonts</Filter>
    </None>
    <None Include="Engine\Fonts\mplus-1p-light.zip">
      <Filter>Siv3Ddependency\Engine\Fonts</Filter>
    </None>
    <None Include="Engine\Fonts\mplus-1p-medium.zip">
      <Filter>Siv3Ddependency\Engine\Fonts</Filter>
    </None>
    <None Include="Engine\Fonts\mplus-1p-regular.zip">
      <Filter>Siv3Ddependency\Engine\Fonts</Filter>
    </None>
    <None Include="Engine\Fonts\mplus-1p-thin.zip">
      <Filter>Siv3Ddependency\Engine\Fonts</Filter>
    </None>
    <None Include="Engine\Fonts\umeplus-p-gothic.zip">
      <Filter>Siv3Ddependency\Engine\Fonts</Filter>
    </None>
    <None Include="Engine\Fonts\mplus-1p-black.zip">
      <Filter>Siv3Ddependency\Engine\Fonts</Filter>
    </None>
    <None Include="Engine\Objdetect\faceAnime.zip">
      <Filter>Siv3Ddependency\Engine\Objdetect</Filter>
    </None>
    <None Include="Engine\Objdetect\facePhoto.zip">
      <Filter>Siv3Ddependency\Engine\Objdetect</Filter>
    </None>
    <None Include="Engine\Shaders\D3D11\FullScreenTriangle1xMSAA.ps">
      <Filter>Siv3Ddependency\Engine\Shaders\D3D11</Filter>
    </None>
    <None Include="Engine\Shaders\D3D11\FullScreenTriangle1xMSAA_Linear.ps">
      <Filter>Siv3Ddependency\Engine\Shaders\D3D11</Filter>
    </None>
    <None Include="Engine\Shaders\D3D11\FullScreenTriangle2xMSAA.ps">
      <Filter>Siv3Ddependency\Engine\Shaders\D3D11</Filter>
    </None>
    <None Include="Engine\Shaders\D3D11\FullScreenTriangle2xMSAA_Linear.ps">
      <Filter>Siv3Ddependency\Engine\Shaders\D3D11</Filter>
    </None>
    <None Include="Engine\Shaders\D3D11\FullScreenTriangle4xMSAA.ps">
      <Filter>Siv3Ddependency\Engine\Shaders\D3D11</Filter>
    </None>
    <None Include="Engine\Shaders\D3D11\FullScreenTriangle4xMSAA_Linear.ps">
      <Filter>Siv3Ddependency\Engine\Shaders\D3D11</Filter>
    </None>
    <None Include="Engine\Shaders\D3D11\FXAA_None.ps">
      <Filter>Siv3Ddependency\Engine\Shaders\D3D11</Filter>
    </None>
    <None Include="Engine\Shaders\D3D11\FXAA_Q20.ps">
      <Filter>Siv3Ddependency\Engine\Shaders\D3D11</Filter>
    </None>
    <None Include="Engine\Shaders\D3D11\FXAA_Q25.ps">
      <Filter>Siv3Ddependency\Engine\Shaders\D3D11</Filter>
    </None>
    <None Include="Engine\Shaders\D3D11\FXAA_Q39.ps">
      <Filter>Siv3Ddependency\Engine\Shaders\D3D11</Filter>
    </None>
    <None Include="Engine\Shaders\D3D11\LightAccumulation.vs">
      <Filter>Siv3Ddependency\Engine\Shaders\D3D11</Filter>
    </None>
    <None Include="Engine\Shaders\D3D11\LightAccumulation_ExponentialFog.ps">
      <Filter>Siv3Ddependency\Engine\Shaders\D3D11</Filter>
    </None>
    <None Include="Engine\Shaders\D3D11\LightAccumulation_HeightFog.ps">
      <Filter>Siv3Ddependency\Engine\Shaders\D3D11</Filter>
    </None>
    <None Include="Engine\Shaders\D3D11\LightAccumulation_LinearFog.ps">
      <Filter>Siv3Ddependency\Engine\Shaders\D3D11</Filter>
    </None>
    <None Include="Engine\Shaders\D3D11\LightAccumulation_NoFog.ps">
      <Filter>Siv3Ddependency\Engine\Shaders\D3D11</Filter>
    </None>
    <None Include="Engine\Shaders\D3D11\LightAccumulation_SquaredExponentialFog.ps">
      <Filter>Siv3Ddependency\Engine\Shaders\D3D11</Filter>
    </None>
    <None Include="Engine\Shaders\D3D11\Shape.ps">
      <Filter>Siv3Ddependency\Engine\Shaders\D3D11</Filter>
    </None>
    <None Include="Engine\Shaders\D3D11\Shape_Stencil.ps">
      <Filter>Siv3Ddependency\Engine\Shaders\D3D11</Filter>
    </None>
    <None Include="Engine\Shaders\D3D11\Sprite.ps">
      <Filter>Siv3Ddependency\Engine\Shaders\D3D11</Filter>
    </None>
    <None Include="Engine\Shaders\D3D11\Sprite.vs">
      <Filter>Siv3Ddependency\Engine\Shaders\D3D11</Filter>
    </None>
    <None Include="Engine\Shaders\D3D11\Sprite_Font.ps">
      <Filter>Siv3Ddependency\Engine\Shaders\D3D11</Filter>
    </None>
    <None Include="Engine\Shaders\D3D11\Sprite_Stencil.ps">
      <Filter>Siv3Ddependency\Engine\Shaders\D3D11</Filter>
    </None>
    <None Include="Engine\Shaders\D3D11\DeferredFinalize.ps">
      <Filter>Siv3Ddependency\Engine\Shaders\D3D11</Filter>
    </None>
    <None Include="Engine\Shaders\D3D11\DeferredMesh.ps">
      <Filter>Siv3Ddependency\Engine\Shaders\D3D11</Filter>
    </None>
    <None Include="Engine\Shaders\D3D11\DeferredMesh.vs">
      <Filter>Siv3Ddependency\Engine\Shaders\D3D11</Filter>
    </None>
    <None Include="Engine\Shaders\D3D11\DeferredMesh_Shadow.ps">
      <Filter>Siv3Ddependency\Engine\Shaders\D3D11</Filter>
    </None>
    <None Include="Engine\Shaders\D3D11\DeferredMesh_Shadow.vs">
      <Filter>Siv3Ddependency\Engine\Shaders\D3D11</Filter>
    </None>
    <None Include="Engine\Shaders\D3D11\DeferredMesh_Textured.ps">
      <Filter>Siv3Ddependency\Engine\Shaders\D3D11</Filter>
    </None>
    <None Include="Engine\Shaders\D3D11\ForwardLine3D.ps">
      <Filter>Siv3Ddependency\Engine\Shaders\D3D11</Filter>
    </None>
    <None Include="Engine\Shaders\D3D11\ForwardLine3D.vs">
      <Filter>Siv3Ddependency\Engine\Shaders\D3D11</Filter>
    </None>
    <None Include="Engine\Shaders\D3D11\ForwardMesh.ps">
      <Filter>Siv3Ddependency\Engine\Shaders\D3D11</Filter>
    </None>
    <None Include="Engine\Shaders\D3D11\ForwardMesh.vs">
      <Filter>Siv3Ddependency\Engine\Shaders\D3D11</Filter>
    </None>
    <None Include="Engine\Shaders\D3D11\ForwardMesh_Textured.ps">
      <Filter>Siv3Ddependency\Engine\Shaders\D3D11</Filter>
    </None>
    <None Include="Engine\Shaders\D3D11\ForwardParticle.vs">
      <Filter>Siv3Ddependency\Engine\Shaders\D3D11</Filter>
    </None>
    <None Include="Engine\Shaders\D3D11\FullScreenTriangle.vs">
      <Filter>Siv3Ddependency\Engine\Shaders\D3D11</Filter>
    </None>
    <None Include="Engine\Config.ini">
      <Filter>Siv3Ddependency\Engine</Filter>
    </None>
    <None Include="Example\Hiragana.model">
      <Filter>Siv3Ddependency\Example</Filter>
    </None>
    <None Include="Example\Prokofiev.mid">
      <Filter>Siv3Ddependency\Example</Filter>
    </None>
    <None Include="Example\Test.csv">
      <Filter>Siv3Ddependency\Example</Filter>
    </None>
    <None Include="Example\Test.ini">
      <Filter>Siv3Ddependency\Example</Filter>
    </None>
    <None Include="Example\Test.json">
      <Filter>Siv3Ddependency\Example</Filter>
    </None>
    <None Include="Example\Well\Well.mtl">
      <Filter>Siv3Ddependency\Example\Well</Filter>
    </None>
    <None Include="Example\Well\Well.wavefrontobj">
      <Filter>Siv3Ddependency\Example\Well</Filter>
    </None>
  </ItemGroup>
  <ItemGroup>
    <Text Include="Engine\dll(x64)\libmpg123\COPYING.txt">
      <Filter>Siv3Ddependency\Engine\dll%28x64%29\libmpg123</Filter>
    </Text>
    <Text Include="Engine\dll(x64)\SoundTouch\COPYING.TXT">
      <Filter>Siv3Ddependency\Engine\dll%28x64%29\SoundTouch</Filter>
    </Text>
    <Text Include="Engine\dll(x86)\libmpg123\COPYING.txt">
      <Filter>Siv3Ddependency\Engine\dll%28x86%29\libmpg123</Filter>
    </Text>
    <Text Include="Engine\dll(x86)\SoundTouch\COPYING.TXT">
      <Filter>Siv3Ddependency\Engine\dll%28x86%29\SoundTouch</Filter>
    </Text>
    <Text Include="Engine\LogMessages.txt">
      <Filter>Siv3Ddependency\Engine</Filter>
    </Text>
    <Text Include="Example\Test.txt">
      <Filter>Siv3Ddependency\Example</Filter>
    </Text>
    <Text Include="Example\素材について.txt">
      <Filter>Siv3Ddependency\Example</Filter>
    </Text>
    <Text Include="Example\Shaders\Blend2D.hlsl">
      <Filter>Siv3Ddependency\Example\Shaders</Filter>
    </Text>
    <Text Include="Example\Shaders\Invert2D.hlsl">
      <Filter>Siv3Ddependency\Example\Shaders</Filter>
    </Text>
    <Text Include="Example\Shaders\Monochrome2D.hlsl">
      <Filter>Siv3Ddependency\Example\Shaders</Filter>
    </Text>
    <Text Include="Example\Shaders\PoissonDisk2D.hlsl">
      <Filter>Siv3Ddependency\Example\Shaders</Filter>
    </Text>
    <Text Include="Example\Shaders\RGBSplit2D.hlsl">
      <Filter>Siv3Ddependency\Example\Shaders</Filter>
    </Text>
    <Text Include="Example\Shaders\Simple2D.hlsl">
      <Filter>Siv3Ddependency\Example\Shaders</Filter>
    </Text>
    <Text Include="Example\Shaders\Simple3D.hlsl">
      <Filter>Siv3Ddependency\Example\Shaders</Filter>
    </Text>
    <Text Include="Example\Shaders\Simple3DForward.hlsl">
      <Filter>Siv3Ddependency\Example\Shaders</Filter>
    </Text>
    <Text Include="Example\Shaders\Swirl2D.hlsl">
      <Filter>Siv3Ddependency\Example\Shaders</Filter>
    </Text>
    <Text Include="Example\Shaders\Terrain3D.hlsl">
      <Filter>Siv3Ddependency\Example\Shaders</Filter>
    </Text>
    <Text Include="Example\Shaders\Wave2DPointSprites.hlsl">
      <Filter>Siv3Ddependency\Example\Shaders</Filter>
    </Text>
  </ItemGroup>
  <ItemGroup>
    <Media Include="Example\Sound.mp3">
      <Filter>Siv3Ddependency\Example</Filter>
    </Media>
    <Media Include="Example\風の丘.mp3">
      <Filter>Siv3Ddependency\Example</Filter>
    </Media>
  </ItemGroup>
  <ItemGroup>
    <Font Include="Example\YomogiFont.ttf">
      <Filter>Siv3Ddependency\Example</Filter>
    </Font>
  </ItemGroup>
  <ItemGroup>
    <ClCompile Include="src\Main.cpp">
      <Filter>Game</Filter>
    </ClCompile>
    <ClCompile Include="src\Game_Core.cpp">
      <Filter>Game</Filter>
    </ClCompile>
    <ClCompile Include="src\Game_Scene_Base.cpp">
      <Filter>Game\Scene</Filter>
    </ClCompile>
    <ClCompile Include="src\Game_Scene_Title.cpp">
      <Filter>Game\Scene</Filter>
    </ClCompile>
    <ClCompile Include="src\Game_Scene_MusicSelect.cpp">
      <Filter>Game\Scene</Filter>
    </ClCompile>
    <ClCompile Include="src\Game_Object_ClickButton.cpp">
      <Filter>Game\Object</Filter>
    </ClCompile>
    <ClCompile Include="src\Game_Scene_Settings.cpp">
      <Filter>Game\Scene</Filter>
    </ClCompile>
    <ClCompile Include="src\Game_Object_Track.cpp">
      <Filter>Game\Object</Filter>
    </ClCompile>
    <ClCompile Include="src\Game_Object_Note.cpp">
      <Filter>Game\Object</Filter>
    </ClCompile>
    <ClCompile Include="src\Game_Object_Gauge.cpp">
      <Filter>Game\Object</Filter>
    </ClCompile>
    <ClCompile Include="src\Game_Util_Functions.cpp">
      <Filter>Game\Util</Filter>
    </ClCompile>
    <ClCompile Include="src\Game_Util_TimeDuration.cpp">
      <Filter>Game\Util</Filter>
    </ClCompile>
    <ClCompile Include="src\Game_Scene_Gameplay.cpp">
      <Filter>Game\Scene</Filter>
    </ClCompile>
    <ClCompile Include="src\Game_Object_RightAlignedFont.cpp">
      <Filter>Game\Object</Filter>
    </ClCompile>
    <ClCompile Include="src\Game_Scene_Credit.cpp">
      <Filter>Game\Scene</Filter>
    </ClCompile>
    <ClCompile Include="src\Game_Object_Lane.cpp">
      <Filter>Game\Object</Filter>
    </ClCompile>
    <ClCompile Include="src\Game_Object_NoteSound.cpp">
      <Filter>Game\Object</Filter>
    </ClCompile>
  </ItemGroup>
  <ItemGroup>
    <ResourceCompile Include="Resource.rc">
      <Filter>Siv3Ddependency</Filter>
    </ResourceCompile>
  </ItemGroup>
  <ItemGroup>
    <ClInclude Include="src\Game_Core.h">
      <Filter>Game</Filter>
    </ClInclude>
    <ClInclude Include="src\Game_Scene_Base.h">
      <Filter>Game\Scene</Filter>
    </ClInclude>
    <ClInclude Include="src\Game_Scene_Title.h">
      <Filter>Game\Scene</Filter>
    </ClInclude>
    <ClInclude Include="src\Game_Scene_MusicSelect.h">
      <Filter>Game\Scene</Filter>
    </ClInclude>
    <ClInclude Include="src\Game_Object_ClickButton.h">
      <Filter>Game\Object</Filter>
    </ClInclude>
    <ClInclude Include="src\Game_Scene_Settings.h">
      <Filter>Game\Scene</Filter>
    </ClInclude>
    <ClInclude Include="src\Game_Object_Track.h">
      <Filter>Game\Object</Filter>
    </ClInclude>
    <ClInclude Include="src\Game_Object_Note.h">
      <Filter>Game\Object</Filter>
    </ClInclude>
    <ClInclude Include="src\Game_Object_Enum.h">
      <Filter>Game\Object</Filter>
    </ClInclude>
    <ClInclude Include="src\Game_Object_Gauge.h">
      <Filter>Game\Object</Filter>
    </ClInclude>
    <ClInclude Include="src\Game_Util_Functions.h">
      <Filter>Game\Util</Filter>
    </ClInclude>
    <ClInclude Include="src\Game_Util_TimeDuration.h">
      <Filter>Game\Util</Filter>
    </ClInclude>
    <ClInclude Include="src\Game_Scene_Gameplay.h">
      <Filter>Game\Scene</Filter>
    </ClInclude>
    <ClInclude Include="src\Game_Object_RightAlignedFont.h">
      <Filter>Game\Object</Filter>
    </ClInclude>
    <ClInclude Include="src\Game_Object_Constant.h">
      <Filter>Game\Object</Filter>
    </ClInclude>
    <ClInclude Include="src\Game_Scene_Credit.h">
      <Filter>Game\Scene</Filter>
    </ClInclude>
    <ClInclude Include="src\Game_SceneID.h">
      <Filter>Game</Filter>
    </ClInclude>
    <ClInclude Include="src\Game_Object_Lane.h">
      <Filter>Game\Object</Filter>
    </ClInclude>
    <ClInclude Include="src\Game_FileID.h">
      <Filter>Game</Filter>
    </ClInclude>
    <ClInclude Include="src\Game_Object_NoteSound.h">
      <Filter>Game\Object</Filter>
    </ClInclude>
  </ItemGroup>
</Project>